
Microsoft Visual Studio Solution File, Format Version 12.00
Project("{FAE04EC0-301F-11D3-BF4B-00C04F79EFBC}") = "E-Commerce.Shared", "E-Commerce.Shared\E-Commerce.Shared.csproj", "{DD5A587F-DC08-49CA-9BE6-A35477809A5B}"
EndProject
Project("{FAE04EC0-301F-11D3-BF4B-00C04F79EFBC}") = "E-Commerce.API", "E-Commerce.API\E-Commerce.API.csproj", "{3F1BC41E-C985-4CF6-93B1-880D8FBC6BE1}"
EndProject
Project("{FAE04EC0-301F-11D3-BF4B-00C04F79EFBC}") = "E-Commerce.Client", "E-Commerce.Client\E-Commerce.Client.csproj", "{B8BAD4A3-2E27-4084-8BBA-C0C7F8503B25}"
EndProject
Global
	GlobalSection(SolutionConfigurationPlatforms) = preSolution
		Debug|Any CPU = Debug|Any CPU
		Release|Any CPU = Release|Any CPU
	EndGlobalSection
	GlobalSection(ProjectConfigurationPlatforms) = postSolution
		{DD5A587F-DC08-49CA-9BE6-A35477809A5B}.Debug|Any CPU.ActiveCfg = Debug|Any CPU
		{DD5A587F-DC08-49CA-9BE6-A35477809A5B}.Debug|Any CPU.Build.0 = Debug|Any CPU
		{DD5A587F-DC08-49CA-9BE6-A35477809A5B}.Release|Any CPU.ActiveCfg = Release|Any CPU
		{DD5A587F-DC08-49CA-9BE6-A35477809A5B}.Release|Any CPU.Build.0 = Release|Any CPU
		{3F1BC41E-C985-4CF6-93B1-880D8FBC6BE1}.Debug|Any CPU.ActiveCfg = Debug|Any CPU
		{3F1BC41E-C985-4CF6-93B1-880D8FBC6BE1}.Debug|Any CPU.Build.0 = Debug|Any CPU
		{3F1BC41E-C985-4CF6-93B1-880D8FBC6BE1}.Release|Any CPU.ActiveCfg = Release|Any CPU
		{3F1BC41E-C985-4CF6-93B1-880D8FBC6BE1}.Release|Any CPU.Build.0 = Release|Any CPU
		{B8BAD4A3-2E27-4084-8BBA-C0C7F8503B25}.Debug|Any CPU.ActiveCfg = Debug|Any CPU
		{B8BAD4A3-2E27-4084-8BBA-C0C7F8503B25}.Debug|Any CPU.Build.0 = Debug|Any CPU
		{B8BAD4A3-2E27-4084-8BBA-C0C7F8503B25}.Release|Any CPU.ActiveCfg = Release|Any CPU
		{B8BAD4A3-2E27-4084-8BBA-C0C7F8503B25}.Release|Any CPU.Build.0 = Release|Any CPU
	EndGlobalSection
EndGlobal
